// !$*UTF8*$!
{
	archiveVersion = 1;
	classes = {
	};
	objectVersion = 77;
	objects = {

/* Begin PBXBuildFile section */
		485B36082DDF2FD0004F3267 /* GoogleMobileAds in Frameworks */ = {isa = PBXBuildFile; productRef = 485B36072DDF2FD0004F3267 /* GoogleMobileAds */; };
/* End PBXBuildFile section */

/* Begin PBXContainerItemProxy section */
		485B34BB2DCDDEBA004F3267 /* PBXContainerItemProxy */ = {
			isa = PBXContainerItemProxy;
			containerPortal = 485B34A32DCDDEB7004F3267 /* Project object */;
			proxyType = 1;
			remoteGlobalIDString = 485B34AA2DCDDEB7004F3267;
			remoteInfo = "Lucky Football Slip";
		};
		485B34C52DCDDEBA004F3267 /* PBXContainerItemProxy */ = {
			isa = PBXContainerItemProxy;
			containerPortal = 485B34A32DCDDEB7004F3267 /* Project object */;
			proxyType = 1;
			remoteGlobalIDString = 485B34AA2DCDDEB7004F3267;
			remoteInfo = "Lucky Football Slip";
		};
/* End PBXContainerItemProxy section */

/* Begin PBXFileReference section */
		485B34AB2DCDDEB7004F3267 /* Lucky Football Slip.app */ = {isa = PBXFileReference; explicitFileType = wrapper.application; includeInIndex = 0; path = "Lucky Football Slip.app"; sourceTree = BUILT_PRODUCTS_DIR; };
		485B34BA2DCDDEBA004F3267 /* Lucky Football SlipTests.xctest */ = {isa = PBXFileReference; explicitFileType = wrapper.cfbundle; includeInIndex = 0; path = "Lucky Football SlipTests.xctest"; sourceTree = BUILT_PRODUCTS_DIR; };
		485B34C42DCDDEBA004F3267 /* Lucky Football SlipUITests.xctest */ = {isa = PBXFileReference; explicitFileType = wrapper.cfbundle; includeInIndex = 0; path = "Lucky Football SlipUITests.xctest"; sourceTree = BUILT_PRODUCTS_DIR; };
/* End PBXFileReference section */

/* Begin PBXFileSystemSynchronizedRootGroup section */
		485B34AD2DCDDEB7004F3267 /* Lucky Football Slip */ = {
			isa = PBXFileSystemSynchronizedRootGroup;
			path = "Lucky Football Slip";
			sourceTree = "<group>";
		};
		485B34BD2DCDDEBA004F3267 /* Lucky Football SlipTests */ = {
			isa = PBXFileSystemSynchronizedRootGroup;
			path = "Lucky Football SlipTests";
			sourceTree = "<group>";
		};
		485B34C72DCDDEBA004F3267 /* Lucky Football SlipUITests */ = {
			isa = PBXFileSystemSynchronizedRootGroup;
			path = "Lucky Football SlipUITests";
			sourceTree = "<group>";
		};
		485B35222DCDDEF1004F3267 /* Lappeleken */ = {
			isa = PBXFileSystemSynchronizedRootGroup;
			path = Lappeleken;
			sourceTree = "<group>";
		};
/* End PBXFileSystemSynchronizedRootGroup section */

/* Begin PBXFrameworksBuildPhase section */
		485B34A82DCDDEB7004F3267 /* Frameworks */ = {
			isa = PBXFrameworksBuildPhase;
			buildActionMask = 2147483647;
			files = (
				485B36082DDF2FD0004F3267 /* GoogleMobileAds in Frameworks */,
			);
			runOnlyForDeploymentPostprocessing = 0;
		};
		485B34B72DCDDEBA004F3267 /* Frameworks */ = {
			isa = PBXFrameworksBuildPhase;
			buildActionMask = 2147483647;
			files = (
			);
			runOnlyForDeploymentPostprocessing = 0;
		};
		485B34C12DCDDEBA004F3267 /* Frameworks */ = {
			isa = PBXFrameworksBuildPhase;
			buildActionMask = 2147483647;
			files = (
			);
			runOnlyForDeploymentPostprocessing = 0;
		};
/* End PBXFrameworksBuildPhase section */

/* Begin PBXGroup section */
		485B34A22DCDDEB7004F3267 = {
			isa = PBXGroup;
			children = (
				485B35222DCDDEF1004F3267 /* Lappeleken */,
				485B34AD2DCDDEB7004F3267 /* Lucky Football Slip */,
				485B34BD2DCDDEBA004F3267 /* Lucky Football SlipTests */,
				485B34C72DCDDEBA004F3267 /* Lucky Football SlipUITests */,
				485B34AC2DCDDEB7004F3267 /* Products */,
			);
			sourceTree = "<group>";
		};
		485B34AC2DCDDEB7004F3267 /* Products */ = {
			isa = PBXGroup;
			children = (
				485B34AB2DCDDEB7004F3267 /* Lucky Football Slip.app */,
				485B34BA2DCDDEBA004F3267 /* Lucky Football SlipTests.xctest */,
				485B34C42DCDDEBA004F3267 /* Lucky Football SlipUITests.xctest */,
			);
			name = Products;
			sourceTree = "<group>";
		};
/* End PBXGroup section */

/* Begin PBXNativeTarget section */
		485B34AA2DCDDEB7004F3267 /* Lucky Football Slip */ = {
			isa = PBXNativeTarget;
			buildConfigurationList = 485B34CE2DCDDEBA004F3267 /* Build configuration list for PBXNativeTarget "Lucky Football Slip" */;
			buildPhases = (
				485B34A72DCDDEB7004F3267 /* Sources */,
				485B34A82DCDDEB7004F3267 /* Frameworks */,
				485B34A92DCDDEB7004F3267 /* Resources */,
			);
			buildRules = (
			);
			dependencies = (
			);
			fileSystemSynchronizedGroups = (
				485B34AD2DCDDEB7004F3267 /* Lucky Football Slip */,
				485B35222DCDDEF1004F3267 /* Lappeleken */,
			);
			name = "Lucky Football Slip";
			packageProductDependencies = (
				485B36072DDF2FD0004F3267 /* GoogleMobileAds */,
			);
			productName = "Lucky Football Slip";
			productReference = 485B34AB2DCDDEB7004F3267 /* Lucky Football Slip.app */;
			productType = "com.apple.product-type.application";
		};
		485B34B92DCDDEBA004F3267 /* Lucky Football SlipTests */ = {
			isa = PBXNativeTarget;
			buildConfigurationList = 485B34D12DCDDEBA004F3267 /* Build configuration list for PBXNativeTarget "Lucky Football SlipTests" */;
			buildPhases = (
				485B34B62DCDDEBA004F3267 /* Sources */,
				485B34B72DCDDEBA004F3267 /* Frameworks */,
				485B34B82DCDDEBA004F3267 /* Resources */,
			);
			buildRules = (
			);
			dependencies = (
				485B34BC2DCDDEBA004F3267 /* PBXTargetDependency */,
			);
			fileSystemSynchronizedGroups = (
				485B34BD2DCDDEBA004F3267 /* Lucky Football SlipTests */,
			);
			name = "Lucky Football SlipTests";
			packageProductDependencies = (
			);
			productName = "Lucky Football SlipTests";
			productReference = 485B34BA2DCDDEBA004F3267 /* Lucky Football SlipTests.xctest */;
			productType = "com.apple.product-type.bundle.unit-test";
		};
		485B34C32DCDDEBA004F3267 /* Lucky Football SlipUITests */ = {
			isa = PBXNativeTarget;
			buildConfigurationList = 485B34D42DCDDEBA004F3267 /* Build configuration list for PBXNativeTarget "Lucky Football SlipUITests" */;
			buildPhases = (
				485B34C02DCDDEBA004F3267 /* Sources */,
				485B34C12DCDDEBA004F3267 /* Frameworks */,
				485B34C22DCDDEBA004F3267 /* Resources */,
			);
			buildRules = (
			);
			dependencies = (
				485B34C62DCDDEBA004F3267 /* PBXTargetDependency */,
			);
			fileSystemSynchronizedGroups = (
				485B34C72DCDDEBA004F3267 /* Lucky Football SlipUITests */,
			);
			name = "Lucky Football SlipUITests";
			packageProductDependencies = (
			);
			productName = "Lucky Football SlipUITests";
			productReference = 485B34C42DCDDEBA004F3267 /* Lucky Football SlipUITests.xctest */;
			productType = "com.apple.product-type.bundle.ui-testing";
		};
/* End PBXNativeTarget section */

/* Begin PBXProject section */
		485B34A32DCDDEB7004F3267 /* Project object */ = {
			isa = PBXProject;
			attributes = {
				BuildIndependentTargetsInParallel = 1;
				LastSwiftUpdateCheck = 1630;
				LastUpgradeCheck = 1630;
				TargetAttributes = {
					485B34AA2DCDDEB7004F3267 = {
						CreatedOnToolsVersion = 16.3;
					};
					485B34B92DCDDEBA004F3267 = {
						CreatedOnToolsVersion = 16.3;
						TestTargetID = 485B34AA2DCDDEB7004F3267;
					};
					485B34C32DCDDEBA004F3267 = {
						CreatedOnToolsVersion = 16.3;
						TestTargetID = 485B34AA2DCDDEB7004F3267;
					};
				};
			};
			buildConfigurationList = 485B34A62DCDDEB7004F3267 /* Build configuration list for PBXProject "Lucky Football Slip" */;
			developmentRegion = en;
			hasScannedForEncodings = 0;
			knownRegions = (
				en,
				Base,
			);
			mainGroup = 485B34A22DCDDEB7004F3267;
			minimizedProjectReferenceProxies = 1;
			packageReferences = (
				485B36062DDF2FD0004F3267 /* XCRemoteSwiftPackageReference "swift-package-manager-google-mobile-ads" */,
			);
			preferredProjectObjectVersion = 77;
			productRefGroup = 485B34AC2DCDDEB7004F3267 /* Products */;
			projectDirPath = "";
			projectRoot = "";
			targets = (
				485B34AA2DCDDEB7004F3267 /* Lucky Football Slip */,
				485B34B92DCDDEBA004F3267 /* Lucky Football SlipTests */,
				485B34C32DCDDEBA004F3267 /* Lucky Football SlipUITests */,
			);
		};
/* End PBXProject section */

/* Begin PBXResourcesBuildPhase section */
		485B34A92DCDDEB7004F3267 /* Resources */ = {
			isa = PBXResourcesBuildPhase;
			buildActionMask = 2147483647;
			files = (
			);
			runOnlyForDeploymentPostprocessing = 0;
		};
		485B34B82DCDDEBA004F3267 /* Resources */ = {
			isa = PBXResourcesBuildPhase;
			buildActionMask = 2147483647;
			files = (
			);
			runOnlyForDeploymentPostprocessing = 0;
		};
		485B34C22DCDDEBA004F3267 /* Resources */ = {
			isa = PBXResourcesBuildPhase;
			buildActionMask = 2147483647;
			files = (
			);
			runOnlyForDeploymentPostprocessing = 0;
		};
/* End PBXResourcesBuildPhase section */

/* Begin PBXSourcesBuildPhase section */
		485B34A72DCDDEB7004F3267 /* Sources */ = {
			isa = PBXSourcesBuildPhase;
			buildActionMask = 2147483647;
			files = (
			);
			runOnlyForDeploymentPostprocessing = 0;
		};
		485B34B62DCDDEBA004F3267 /* Sources */ = {
			isa = PBXSourcesBuildPhase;
			buildActionMask = 2147483647;
			files = (
			);
			runOnlyForDeploymentPostprocessing = 0;
		};
		485B34C02DCDDEBA004F3267 /* Sources */ = {
			isa = PBXSourcesBuildPhase;
			buildActionMask = 2147483647;
			files = (
			);
			runOnlyForDeploymentPostprocessing = 0;
		};
/* End PBXSourcesBuildPhase section */

/* Begin PBXTargetDependency section */
		485B34BC2DCDDEBA004F3267 /* PBXTargetDependency */ = {
			isa = PBXTargetDependency;
			target = 485B34AA2DCDDEB7004F3267 /* Lucky Football Slip */;
			targetProxy = 485B34BB2DCDDEBA004F3267 /* PBXContainerItemProxy */;
		};
		485B34C62DCDDEBA004F3267 /* PBXTargetDependency */ = {
			isa = PBXTargetDependency;
			target = 485B34AA2DCDDEB7004F3267 /* Lucky Football Slip */;
			targetProxy = 485B34C52DCDDEBA004F3267 /* PBXContainerItemProxy */;
		};
/* End PBXTargetDependency section */

/* Begin XCBuildConfiguration section */
		485B34CC2DCDDEBA004F3267 /* Debug */ = {
			isa = XCBuildConfiguration;
			buildSettings = {
				ALWAYS_SEARCH_USER_PATHS = NO;
				ASSETCATALOG_COMPILER_GENERATE_SWIFT_ASSET_SYMBOL_EXTENSIONS = YES;
				CLANG_ANALYZER_NONNULL = YES;
				CLANG_ANALYZER_NUMBER_OBJECT_CONVERSION = YES_AGGRESSIVE;
				CLANG_CXX_LANGUAGE_STANDARD = "gnu++20";
				CLANG_ENABLE_MODULES = YES;
				CLANG_ENABLE_OBJC_ARC = YES;
				CLANG_ENABLE_OBJC_WEAK = YES;
				CLANG_WARN_BLOCK_CAPTURE_AUTORELEASING = YES;
				CLANG_WARN_BOOL_CONVERSION = YES;
				CLANG_WARN_COMMA = YES;
				CLANG_WARN_CONSTANT_CONVERSION = YES;
				CLANG_WARN_DEPRECATED_OBJC_IMPLEMENTATIONS = YES;
				CLANG_WARN_DIRECT_OBJC_ISA_USAGE = YES_ERROR;
				CLANG_WARN_DOCUMENTATION_COMMENTS = YES;
				CLANG_WARN_EMPTY_BODY = YES;
				CLANG_WARN_ENUM_CONVERSION = YES;
				CLANG_WARN_INFINITE_RECURSION = YES;
				CLANG_WARN_INT_CONVERSION = YES;
				CLANG_WARN_NON_LITERAL_NULL_CONVERSION = YES;
				CLANG_WARN_OBJC_IMPLICIT_RETAIN_SELF = YES;
				CLANG_WARN_OBJC_LITERAL_CONVERSION = YES;
				CLANG_WARN_OBJC_ROOT_CLASS = YES_ERROR;
				CLANG_WARN_QUOTED_INCLUDE_IN_FRAMEWORK_HEADER = YES;
				CLANG_WARN_RANGE_LOOP_ANALYSIS = YES;
				CLANG_WARN_STRICT_PROTOTYPES = YES;
				CLANG_WARN_SUSPICIOUS_MOVE = YES;
				CLANG_WARN_UNGUARDED_AVAILABILITY = YES_AGGRESSIVE;
				CLANG_WARN_UNREACHABLE_CODE = YES;
				CLANG_WARN__DUPLICATE_METHOD_MATCH = YES;
				COPY_PHASE_STRIP = NO;
				DEBUG_INFORMATION_FORMAT = dwarf;
				DEVELOPMENT_TEAM = C444WC2JJY;
				ENABLE_STRICT_OBJC_MSGSEND = YES;
				ENABLE_TESTABILITY = YES;
				ENABLE_USER_SCRIPT_SANDBOXING = YES;
				GCC_C_LANGUAGE_STANDARD = gnu17;
				GCC_DYNAMIC_NO_PIC = NO;
				GCC_NO_COMMON_BLOCKS = YES;
				GCC_OPTIMIZATION_LEVEL = 0;
				GCC_PREPROCESSOR_DEFINITIONS = (
					"DEBUG=1",
					"$(inherited)",
				);
				GCC_WARN_64_TO_32_BIT_CONVERSION = YES;
				GCC_WARN_ABOUT_RETURN_TYPE = YES_ERROR;
				GCC_WARN_UNDECLARED_SELECTOR = YES;
				GCC_WARN_UNINITIALIZED_AUTOS = YES_AGGRESSIVE;
				GCC_WARN_UNUSED_FUNCTION = YES;
				GCC_WARN_UNUSED_VARIABLE = YES;
				IPHONEOS_DEPLOYMENT_TARGET = 15.6;
				LOCALIZATION_PREFERS_STRING_CATALOGS = YES;
				MTL_ENABLE_DEBUG_INFO = INCLUDE_SOURCE;
				MTL_FAST_MATH = YES;
				ONLY_ACTIVE_ARCH = YES;
				SDKROOT = iphoneos;
				SWIFT_ACTIVE_COMPILATION_CONDITIONS = "DEBUG $(inherited)";
				SWIFT_OPTIMIZATION_LEVEL = "-Onone";
			};
			name = Debug;
		};
		485B34CD2DCDDEBA004F3267 /* Release */ = {
			isa = XCBuildConfiguration;
			buildSettings = {
				ALWAYS_SEARCH_USER_PATHS = NO;
				ASSETCATALOG_COMPILER_GENERATE_SWIFT_ASSET_SYMBOL_EXTENSIONS = YES;
				CLANG_ANALYZER_NONNULL = YES;
				CLANG_ANALYZER_NUMBER_OBJECT_CONVERSION = YES_AGGRESSIVE;
				CLANG_CXX_LANGUAGE_STANDARD = "gnu++20";
				CLANG_ENABLE_MODULES = YES;
				CLANG_ENABLE_OBJC_ARC = YES;
				CLANG_ENABLE_OBJC_WEAK = YES;
				CLANG_WARN_BLOCK_CAPTURE_AUTORELEASING = YES;
				CLANG_WARN_BOOL_CONVERSION = YES;
				CLANG_WARN_COMMA = YES;
				CLANG_WARN_CONSTANT_CONVERSION = YES;
				CLANG_WARN_DEPRECATED_OBJC_IMPLEMENTATIONS = YES;
				CLANG_WARN_DIRECT_OBJC_ISA_USAGE = YES_ERROR;
				CLANG_WARN_DOCUMENTATION_COMMENTS = YES;
				CLANG_WARN_EMPTY_BODY = YES;
				CLANG_WARN_ENUM_CONVERSION = YES;
				CLANG_WARN_INFINITE_RECURSION = YES;
				CLANG_WARN_INT_CONVERSION = YES;
				CLANG_WARN_NON_LITERAL_NULL_CONVERSION = YES;
				CLANG_WARN_OBJC_IMPLICIT_RETAIN_SELF = YES;
				CLANG_WARN_OBJC_LITERAL_CONVERSION = YES;
				CLANG_WARN_OBJC_ROOT_CLASS = YES_ERROR;
				CLANG_WARN_QUOTED_INCLUDE_IN_FRAMEWORK_HEADER = YES;
				CLANG_WARN_RANGE_LOOP_ANALYSIS = YES;
				CLANG_WARN_STRICT_PROTOTYPES = YES;
				CLANG_WARN_SUSPICIOUS_MOVE = YES;
				CLANG_WARN_UNGUARDED_AVAILABILITY = YES_AGGRESSIVE;
				CLANG_WARN_UNREACHABLE_CODE = YES;
				CLANG_WARN__DUPLICATE_METHOD_MATCH = YES;
				COPY_PHASE_STRIP = NO;
				DEBUG_INFORMATION_FORMAT = "dwarf-with-dsym";
				DEVELOPMENT_TEAM = C444WC2JJY;
				ENABLE_NS_ASSERTIONS = NO;
				ENABLE_STRICT_OBJC_MSGSEND = YES;
				ENABLE_USER_SCRIPT_SANDBOXING = YES;
				GCC_C_LANGUAGE_STANDARD = gnu17;
				GCC_NO_COMMON_BLOCKS = YES;
				GCC_WARN_64_TO_32_BIT_CONVERSION = YES;
				GCC_WARN_ABOUT_RETURN_TYPE = YES_ERROR;
				GCC_WARN_UNDECLARED_SELECTOR = YES;
				GCC_WARN_UNINITIALIZED_AUTOS = YES_AGGRESSIVE;
				GCC_WARN_UNUSED_FUNCTION = YES;
				GCC_WARN_UNUSED_VARIABLE = YES;
				IPHONEOS_DEPLOYMENT_TARGET = 15.6;
				LOCALIZATION_PREFERS_STRING_CATALOGS = YES;
				MTL_ENABLE_DEBUG_INFO = NO;
				MTL_FAST_MATH = YES;
				SDKROOT = iphoneos;
				SWIFT_COMPILATION_MODE = wholemodule;
				VALIDATE_PRODUCT = YES;
			};
			name = Release;
		};
		485B34CF2DCDDEBA004F3267 /* Debug */ = {
			isa = XCBuildConfiguration;
			buildSettings = {
				ASSETCATALOG_COMPILER_APPICON_NAME = AppIcon;
				ASSETCATALOG_COMPILER_GLOBAL_ACCENT_COLOR_NAME = AccentColor;
				CODE_SIGN_ENTITLEMENTS = "Lucky Football Slip/Lucky Football Slip.entitlements";
				CODE_SIGN_STYLE = Automatic;
				CURRENT_PROJECT_VERSION = 9;
				DEVELOPMENT_TEAM = C444WC2JJY;
				ENABLE_PREVIEWS = YES;
				GENERATE_INFOPLIST_FILE = YES;
				INFOPLIST_FILE = "Lucky-Football-Slip-Info.plist";
				INFOPLIST_KEY_CFBundleDisplayName = "Lucky Football Slip";
				INFOPLIST_KEY_LSApplicationCategoryType = "public.app-category.sports-games";
				INFOPLIST_KEY_UIApplicationSceneManifest_Generation = YES;
				INFOPLIST_KEY_UIApplicationSupportsIndirectInputEvents = YES;
				INFOPLIST_KEY_UILaunchScreen_Generation = YES;
				INFOPLIST_KEY_UISupportedInterfaceOrientations_iPad = "UIInterfaceOrientationPortrait UIInterfaceOrientationPortraitUpsideDown UIInterfaceOrientationLandscapeLeft UIInterfaceOrientationLandscapeRight";
				INFOPLIST_KEY_UISupportedInterfaceOrientations_iPhone = "UIInterfaceOrientationPortrait UIInterfaceOrientationLandscapeLeft UIInterfaceOrientationLandscapeRight";
				LD_RUNPATH_SEARCH_PATHS = (
					"$(inherited)",
					"@executable_path/Frameworks",
				);
				MARKETING_VERSION = 1.0.0;
				PRODUCT_BUNDLE_IDENTIFIER = "HovlandGames.Lucky-Football-Slip";
				PRODUCT_NAME = "$(TARGET_NAME)";
				SUPPORTED_PLATFORMS = "iphoneos iphonesimulator";
				SUPPORTS_MACCATALYST = NO;
				SUPPORTS_MAC_DESIGNED_FOR_IPHONE_IPAD = NO;
				SUPPORTS_XR_DESIGNED_FOR_IPHONE_IPAD = NO;
				SWIFT_EMIT_LOC_STRINGS = YES;
				SWIFT_VERSION = 5.0;
				TARGETED_DEVICE_FAMILY = 1;
			};
			name = Debug;
		};
		485B34D02DCDDEBA004F3267 /* Release */ = {
			isa = XCBuildConfiguration;
			buildSettings = {
				ASSETCATALOG_COMPILER_APPICON_NAME = AppIcon;
				ASSETCATALOG_COMPILER_GLOBAL_ACCENT_COLOR_NAME = AccentColor;
				CODE_SIGN_ENTITLEMENTS = "Lucky Football Slip/Lucky Football Slip.entitlements";
				CODE_SIGN_STYLE = Automatic;
				CURRENT_PROJECT_VERSION = 9;
				DEVELOPMENT_TEAM = C444WC2JJY;
				ENABLE_PREVIEWS = YES;
				GENERATE_INFOPLIST_FILE = YES;
				INFOPLIST_FILE = "Lucky-Football-Slip-Info.plist";
				INFOPLIST_KEY_CFBundleDisplayName = "Lucky Football Slip";
				INFOPLIST_KEY_LSApplicationCategoryType = "public.app-category.sports-games";
				INFOPLIST_KEY_UIApplicationSceneManifest_Generation = YES;
				INFOPLIST_KEY_UIApplicationSupportsIndirectInputEvents = YES;
				INFOPLIST_KEY_UILaunchScreen_Generation = YES;
				INFOPLIST_KEY_UISupportedInterfaceOrientations_iPad = "UIInterfaceOrientationPortrait UIInterfaceOrientationPortraitUpsideDown UIInterfaceOrientationLandscapeLeft UIInterfaceOrientationLandscapeRight";
				INFOPLIST_KEY_UISupportedInterfaceOrientations_iPhone = "UIInterfaceOrientationPortrait UIInterfaceOrientationLandscapeLeft UIInterfaceOrientationLandscapeRight";
				LD_RUNPATH_SEARCH_PATHS = (
					"$(inherited)",
					"@executable_path/Frameworks",
				);
				MARKETING_VERSION = 1.0.0;
				PRODUCT_BUNDLE_IDENTIFIER = "HovlandGames.Lucky-Football-Slip";
				PRODUCT_NAME = "$(TARGET_NAME)";
				SUPPORTED_PLATFORMS = "iphoneos iphonesimulator";
				SUPPORTS_MACCATALYST = NO;
				SUPPORTS_MAC_DESIGNED_FOR_IPHONE_IPAD = NO;
				SUPPORTS_XR_DESIGNED_FOR_IPHONE_IPAD = NO;
				SWIFT_EMIT_LOC_STRINGS = YES;
				SWIFT_VERSION = 5.0;
				TARGETED_DEVICE_FAMILY = 1;
			};
			name = Release;
		};
		485B34D22DCDDEBA004F3267 /* Debug */ = {
			isa = XCBuildConfiguration;
			buildSettings = {
				BUNDLE_LOADER = "$(TEST_HOST)";
				CODE_SIGN_STYLE = Automatic;
				CURRENT_PROJECT_VERSION = 1;
				DEVELOPMENT_TEAM = C444WC2JJY;
				GENERATE_INFOPLIST_FILE = YES;
				IPHONEOS_DEPLOYMENT_TARGET = 18.4;
				MARKETING_VERSION = 1.0;
				PRODUCT_BUNDLE_IDENTIFIER = "HovlandGames.Lucky-Football-SlipTests";
				PRODUCT_NAME = "$(TARGET_NAME)";
				SWIFT_EMIT_LOC_STRINGS = NO;
				SWIFT_VERSION = 5.0;
				TARGETED_DEVICE_FAMILY = "1,2";
				TEST_HOST = "$(BUILT_PRODUCTS_DIR)/Lucky Football Slip.app/$(BUNDLE_EXECUTABLE_FOLDER_PATH)/Lucky Football Slip";
			};
			name = Debug;
		};
		485B34D32DCDDEBA004F3267 /* Release */ = {
			isa = XCBuildConfiguration;
			buildSettings = {
				BUNDLE_LOADER = "$(TEST_HOST)";
				CODE_SIGN_STYLE = Automatic;
				CURRENT_PROJECT_VERSION = 1;
				DEVELOPMENT_TEAM = C444WC2JJY;
				GENERATE_INFOPLIST_FILE = YES;
				IPHONEOS_DEPLOYMENT_TARGET = 18.4;
				MARKETING_VERSION = 1.0;
				PRODUCT_BUNDLE_IDENTIFIER = "HovlandGames.Lucky-Football-SlipTests";
				PRODUCT_NAME = "$(TARGET_NAME)";
				SWIFT_EMIT_LOC_STRINGS = NO;
				SWIFT_VERSION = 5.0;
				TARGETED_DEVICE_FAMILY = "1,2";
				TEST_HOST = "$(BUILT_PRODUCTS_DIR)/Lucky Football Slip.app/$(BUNDLE_EXECUTABLE_FOLDER_PATH)/Lucky Football Slip";
			};
			name = Release;
		};
		485B34D52DCDDEBA004F3267 /* Debug */ = {
			isa = XCBuildConfiguration;
			buildSettings = {
				CODE_SIGN_STYLE = Automatic;
				CURRENT_PROJECT_VERSION = 1;
				DEVELOPMENT_TEAM = C444WC2JJY;
				GENERATE_INFOPLIST_FILE = YES;
				MARKETING_VERSION = 1.0;
				PRODUCT_BUNDLE_IDENTIFIER = "HovlandGames.Lucky-Football-SlipUITests";
				PRODUCT_NAME = "$(TARGET_NAME)";
				SWIFT_EMIT_LOC_STRINGS = NO;
				SWIFT_VERSION = 5.0;
				TARGETED_DEVICE_FAMILY = "1,2";
				TEST_TARGET_NAME = "Lucky Football Slip";
			};
			name = Debug;
		};
		485B34D62DCDDEBA004F3267 /* Release */ = {
			isa = XCBuildConfiguration;
			buildSettings = {
				CODE_SIGN_STYLE = Automatic;
				CURRENT_PROJECT_VERSION = 1;
				DEVELOPMENT_TEAM = C444WC2JJY;
				GENERATE_INFOPLIST_FILE = YES;
				MARKETING_VERSION = 1.0;
				PRODUCT_BUNDLE_IDENTIFIER = "HovlandGames.Lucky-Football-SlipUITests";
				PRODUCT_NAME = "$(TARGET_NAME)";
				SWIFT_EMIT_LOC_STRINGS = NO;
				SWIFT_VERSION = 5.0;
				TARGETED_DEVICE_FAMILY = "1,2";
				TEST_TARGET_NAME = "Lucky Football Slip";
			};
			name = Release;
		};
/* End XCBuildConfiguration section */

/* Begin XCConfigurationList section */
		485B34A62DCDDEB7004F3267 /* Build configuration list for PBXProject "Lucky Football Slip" */ = {
			isa = XCConfigurationList;
			buildConfigurations = (
				485B34CC2DCDDEBA004F3267 /* Debug */,
				485B34CD2DCDDEBA004F3267 /* Release */,
			);
			defaultConfigurationIsVisible = 0;
			defaultConfigurationName = Release;
		};
		485B34CE2DCDDEBA004F3267 /* Build configuration list for PBXNativeTarget "Lucky Football Slip" */ = {
			isa = XCConfigurationList;
			buildConfigurations = (
				485B34CF2DCDDEBA004F3267 /* Debug */,
				485B34D02DCDDEBA004F3267 /* Release */,
			);
			defaultConfigurationIsVisible = 0;
			defaultConfigurationName = Release;
		};
		485B34D12DCDDEBA004F3267 /* Build configuration list for PBXNativeTarget "Lucky Football SlipTests" */ = {
			isa = XCConfigurationList;
			buildConfigurations = (
				485B34D22DCDDEBA004F3267 /* Debug */,
				485B34D32DCDDEBA004F3267 /* Release */,
			);
			defaultConfigurationIsVisible = 0;
			defaultConfigurationName = Release;
		};
		485B34D42DCDDEBA004F3267 /* Build configuration list for PBXNativeTarget "Lucky Football SlipUITests" */ = {
			isa = XCConfigurationList;
			buildConfigurations = (
				485B34D52DCDDEBA004F3267 /* Debug */,
				485B34D62DCDDEBA004F3267 /* Release */,
			);
			defaultConfigurationIsVisible = 0;
			defaultConfigurationName = Release;
		};
/* End XCConfigurationList section */

/* Begin XCRemoteSwiftPackageReference section */
		485B36062DDF2FD0004F3267 /* XCRemoteSwiftPackageReference "swift-package-manager-google-mobile-ads" */ = {
			isa = XCRemoteSwiftPackageReference;
			repositoryURL = "https://github.com/googleads/swift-package-manager-google-mobile-ads.git";
			requirement = {
				kind = upToNextMajorVersion;
				minimumVersion = 12.4.0;
			};
		};
/* End XCRemoteSwiftPackageReference section */

/* Begin XCSwiftPackageProductDependency section */
		485B36072DDF2FD0004F3267 /* GoogleMobileAds */ = {
			isa = XCSwiftPackageProductDependency;
			package = 485B36062DDF2FD0004F3267 /* XCRemoteSwiftPackageReference "swift-package-manager-google-mobile-ads" */;
			productName = GoogleMobileAds;
		};
/* End XCSwiftPackageProductDependency section */
	};
	rootObject = 485B34A32DCDDEB7004F3267 /* Project object */;
}
